
Microsoft Visual Studio Solution File, Format Version 12.00
# Visual Studio Version 16
VisualStudioVersion = 16.0.30114.105
MinimumVisualStudioVersion = 10.0.40219.1
Project("{8BC9CEB8-8B4A-11D0-8D11-00A0C91BC942}") = "EmbeddedProject1", "EmbeddedProject1.vcxproj", "{C7ABB2E9-D43D-4C64-8693-3CBF168A91B2}"
EndProject
Global
	GlobalSection(SolutionConfigurationPlatforms) = preSolution
		Debug|VisualGDB = Debug|VisualGDB
		Release|VisualGDB = Release|VisualGDB
	EndGlobalSection
	GlobalSection(ProjectConfigurationPlatforms) = postSolution
		{C7ABB2E9-D43D-4C64-8693-3CBF168A91B2}.Debug|VisualGDB.ActiveCfg = Debug|VisualGDB
		{C7ABB2E9-D43D-4C64-8693-3CBF168A91B2}.Debug|VisualGDB.Build.0 = Debug|VisualGDB
		{C7ABB2E9-D43D-4C64-8693-3CBF168A91B2}.Release|VisualGDB.ActiveCfg = Release|VisualGDB
		{C7ABB2E9-D43D-4C64-8693-3CBF168A91B2}.Release|VisualGDB.Build.0 = Release|VisualGDB
	EndGlobalSection
	GlobalSection(SolutionProperties) = preSolution
		HideSolutionNode = FALSE
	EndGlobalSection
	GlobalSection(ExtensibilityGlobals) = postSolution
		SolutionGuid = {C224050C-C359-4A92-85A5-8FFB3DD4D4AE}
	EndGlobalSection
EndGlobal
