<?xml version="1.0" encoding="utf-8"?>
<Project ToolsVersion="4.0" xmlns="http://schemas.microsoft.com/developer/msbuild/2003">
  <ItemGroup>
    <Filter Include="Source files">
      <UniqueIdentifier>{a3285480-dc81-48e6-8304-1bbd4a8df2c5}</UniqueIdentifier>
      <Extensions>cpp;c;cc;cxx;def;odl;idl;hpj;bat;asm;asmx</Extensions>
    </Filter>
    <Filter Include="Header files">
      <UniqueIdentifier>{22defb36-5726-46cf-852c-bb33330d81a7}</UniqueIdentifier>
      <Extensions>h;hpp;hxx;hm;inl;inc;xsd</Extensions>
    </Filter>
    <Filter Include="Resource files">
      <UniqueIdentifier>{08834f6a-2fe0-43bd-a798-312e151aeaee}</UniqueIdentifier>
      <Extensions>rc;ico;cur;bmp;dlg;rc2;rct;bin;rgs;gif;jpg;jpeg;jpe;resx;tiff;tif;png;wav</Extensions>
    </Filter>
    <Filter Include="Source files\Doc">
      <UniqueIdentifier>{1574fe7c-dfa6-4fd5-a0c8-a83cb934b144}</UniqueIdentifier>
    </Filter>
    <Filter Include="Source files\CMSIS">
      <UniqueIdentifier>{8fd0733e-6e13-44bf-84c3-23d6f6ef08b1}</UniqueIdentifier>
    </Filter>
    <Filter Include="Source files\HAL_Driver">
      <UniqueIdentifier>{e17a2837-c762-45ef-963d-073518390a61}</UniqueIdentifier>
    </Filter>
    <Filter Include="Source files\SEGGER">
      <UniqueIdentifier>{1f08a857-108e-4dbf-844c-3212495682e5}</UniqueIdentifier>
    </Filter>
    <Filter Include="Source files\SEGGER\HardFault">
      <UniqueIdentifier>{83026bec-476d-4d86-8647-56c65a6a97a2}</UniqueIdentifier>
    </Filter>
    <Filter Include="Source files\MDK-ARM">
      <UniqueIdentifier>{41dbfe77-6656-4398-b2df-a6144d60f73e}</UniqueIdentifier>
    </Filter>
    <Filter Include="Source files\User">
      <UniqueIdentifier>{d58136f3-b99f-4bc5-8612-263ce56c3b19}</UniqueIdentifier>
    </Filter>
    <Filter Include="Source files\BSP">
      <UniqueIdentifier>{fa1ab3a0-3f6d-4a02-9b2d-802ec3ca5b79}</UniqueIdentifier>
    </Filter>
    <Filter Include="Source files\letter_shell">
      <UniqueIdentifier>{67c2496f-dbef-4d84-b745-0b6aac45936f}</UniqueIdentifier>
    </Filter>
    <Filter Include="Source files\letter_shell\src">
      <UniqueIdentifier>{b02f2c76-93bd-4066-b3a2-5b57b5f7f04c}</UniqueIdentifier>
    </Filter>
    <Filter Include="Source files\letter_shell\port">
      <UniqueIdentifier>{c89d7588-0eef-4660-822a-c66382dda476}</UniqueIdentifier>
    </Filter>
    <Filter Include="Source files\Device-specific files">
      <UniqueIdentifier>{72f5f145-97bf-48b5-9318-4de71bb2c31e}</UniqueIdentifier>
    </Filter>
    <Filter Include="Header files\Doc">
      <UniqueIdentifier>{0a6ee93f-c3ad-479f-8a08-43b57a3da078}</UniqueIdentifier>
    </Filter>
    <Filter Include="Header files\CMSIS">
      <UniqueIdentifier>{c21db9a2-7b7a-404a-a693-755880614e0c}</UniqueIdentifier>
    </Filter>
    <Filter Include="Header files\HAL_Driver">
      <UniqueIdentifier>{6142abba-2bd0-4542-871b-01cff9b65e4d}</UniqueIdentifier>
    </Filter>
    <Filter Include="Header files\SEGGER">
      <UniqueIdentifier>{e2a9acc0-3e58-4c55-bedf-e265e6eb4ec2}</UniqueIdentifier>
    </Filter>
    <Filter Include="Header files\SEGGER\HardFault">
      <UniqueIdentifier>{c69d1086-9508-4909-9785-f125c730f973}</UniqueIdentifier>
    </Filter>
    <Filter Include="Header files\MDK-ARM">
      <UniqueIdentifier>{277c368f-70a0-4383-a0ba-42e558b21f75}</UniqueIdentifier>
    </Filter>
    <Filter Include="Header files\User">
      <UniqueIdentifier>{d90281c8-2c2c-4f58-ba21-28492ab5a39b}</UniqueIdentifier>
    </Filter>
    <Filter Include="Header files\BSP">
      <UniqueIdentifier>{152d5805-a2b5-42d1-b5a1-c9493b11af27}</UniqueIdentifier>
    </Filter>
    <Filter Include="Header files\letter_shell">
      <UniqueIdentifier>{71fb9e7e-cee5-4c5e-aa14-83c36afb7d92}</UniqueIdentifier>
    </Filter>
    <Filter Include="Header files\letter_shell\src">
      <UniqueIdentifier>{c850421e-9bc6-451b-9146-5f121aff7153}</UniqueIdentifier>
    </Filter>
    <Filter Include="Header files\letter_shell\port">
      <UniqueIdentifier>{f46ae75f-cf3e-4696-b2d1-ac1aa5011a89}</UniqueIdentifier>
    </Filter>
    <Filter Include="Header files\Device-specific files">
      <UniqueIdentifier>{71232d05-9ccb-4a89-b013-7cbd1736dd31}</UniqueIdentifier>
    </Filter>
    <Filter Include="VisualGDB settings">
      <UniqueIdentifier>{f0e680d7-5d2c-4ff5-b243-e4eea95bece2}</UniqueIdentifier>
    </Filter>
  </ItemGroup>
  <ItemGroup>
    <ClCompile Include="..\Libraries\CMSIS\Device\ST\STM32H7xx\Source\Templates\system_stm32h7xx.c">
      <Filter>Source files\CMSIS</Filter>
    </ClCompile>
    <ClCompile Include="..\Libraries\STM32H7xx_HAL_Driver\Src\stm32h7xx_hal.c">
      <Filter>Source files\HAL_Driver</Filter>
    </ClCompile>
    <ClCompile Include="..\Libraries\STM32H7xx_HAL_Driver\Src\stm32h7xx_hal_cortex.c">
      <Filter>Source files\HAL_Driver</Filter>
    </ClCompile>
    <ClCompile Include="..\Libraries\STM32H7xx_HAL_Driver\Src\stm32h7xx_hal_rcc.c">
      <Filter>Source files\HAL_Driver</Filter>
    </ClCompile>
    <ClCompile Include="..\Libraries\STM32H7xx_HAL_Driver\Src\stm32h7xx_hal_gpio.c">
      <Filter>Source files\HAL_Driver</Filter>
    </ClCompile>
    <ClCompile Include="..\Libraries\STM32H7xx_HAL_Driver\Src\stm32h7xx_hal_rcc_ex.c">
      <Filter>Source files\HAL_Driver</Filter>
    </ClCompile>
    <ClCompile Include="..\Libraries\STM32H7xx_HAL_Driver\Src\stm32h7xx_ll_fmc.c">
      <Filter>Source files\HAL_Driver</Filter>
    </ClCompile>
    <ClCompile Include="..\Libraries\STM32H7xx_HAL_Driver\Src\stm32h7xx_hal_uart.c">
      <Filter>Source files\HAL_Driver</Filter>
    </ClCompile>
    <ClCompile Include="..\Libraries\STM32H7xx_HAL_Driver\Src\stm32h7xx_hal_uart_ex.c">
      <Filter>Source files\HAL_Driver</Filter>
    </ClCompile>
    <ClCompile Include="..\Libraries\STM32H7xx_HAL_Driver\Src\stm32h7xx_hal_sram.c">
      <Filter>Source files\HAL_Driver</Filter>
    </ClCompile>
    <ClCompile Include="..\Libraries\STM32H7xx_HAL_Driver\Src\stm32h7xx_hal_mdma.c">
      <Filter>Source files\HAL_Driver</Filter>
    </ClCompile>
    <ClCompile Include="..\Libraries\STM32H7xx_HAL_Driver\Src\stm32h7xx_hal_dma.c">
      <Filter>Source files\HAL_Driver</Filter>
    </ClCompile>
    <ClCompile Include="..\Libraries\STM32H7xx_HAL_Driver\Src\stm32h7xx_hal_dma_ex.c">
      <Filter>Source files\HAL_Driver</Filter>
    </ClCompile>
    <ClCompile Include="..\Libraries\STM32H7xx_HAL_Driver\Src\stm32h7xx_hal_tim.c">
      <Filter>Source files\HAL_Driver</Filter>
    </ClCompile>
    <ClCompile Include="..\Libraries\STM32H7xx_HAL_Driver\Src\stm32h7xx_hal_tim_ex.c">
      <Filter>Source files\HAL_Driver</Filter>
    </ClCompile>
    <ClCompile Include="..\User\segger\HardFaultHandlerMDK\SEGGER_HardFaultHandler.c">
      <Filter>Source files\SEGGER\HardFault</Filter>
    </ClCompile>
    <ClCompile Include="..\User\main.c">
      <Filter>Source files\User</Filter>
    </ClCompile>
    <ClCompile Include="..\User\bsp\bsp.c">
      <Filter>Source files\BSP</Filter>
    </ClCompile>
    <ClCompile Include="..\User\bsp\src\bsp_led.c">
      <Filter>Source files\BSP</Filter>
    </ClCompile>
    <ClCompile Include="..\User\bsp\src\bsp_key.c">
      <Filter>Source files\BSP</Filter>
    </ClCompile>
    <ClCompile Include="..\User\bsp\src\bsp_timer.c">
      <Filter>Source files\BSP</Filter>
    </ClCompile>
    <ClCompile Include="..\User\bsp\src\bsp_fmc_io.c">
      <Filter>Source files\BSP</Filter>
    </ClCompile>
    <ClCompile Include="..\User\bsp\src\bsp_uart_fifo.c">
      <Filter>Source files\BSP</Filter>
    </ClCompile>
    <ClCompile Include="..\User\bsp\stm32h7xx_it.c">
      <Filter>Source files\BSP</Filter>
    </ClCompile>
    <ClCompile Include="..\User\letter_shell\src\shell.c">
      <Filter>Source files\letter_shell\src</Filter>
    </ClCompile>
    <ClCompile Include="..\User\letter_shell\src\shell_cmd_list.c">
      <Filter>Source files\letter_shell\src</Filter>
    </ClCompile>
    <ClCompile Include="..\User\letter_shell\src\shell_companion.c">
      <Filter>Source files\letter_shell\src</Filter>
    </ClCompile>
    <ClCompile Include="..\User\letter_shell\src\shell_ext.c">
      <Filter>Source files\letter_shell\src</Filter>
    </ClCompile>
    <ClCompile Include="..\User\letter_shell\port\shell_port.c">
      <Filter>Source files\letter_shell\port</Filter>
    </ClCompile>
    <None Include="stm32.props">
      <Filter>Source files\Device-specific files</Filter>
    </None>
    <ClCompile Include="$(BSP_ROOT)\STM32H7xxxx\StartupFiles\startup_stm32h743xx.c">
      <Filter>Source files\Device-specific files</Filter>
    </ClCompile>
    <None Include="..\Doc\01.例程功能说明.txt">
      <Filter>Header files\Doc</Filter>
    </None>
    <None Include="..\Doc\02.例程修改记录.txt">
      <Filter>Header files\Doc</Filter>
    </None>
    <ClInclude Include="..\User\bsp\stm32h7xx_hal_conf.h">
      <Filter>Header files\HAL_Driver</Filter>
    </ClInclude>
    <ClInclude Include="..\User\bsp\bsp.h">
      <Filter>Header files\BSP</Filter>
    </ClInclude>
    <None Include="EmbeddedProject1-Debug.vgdbsettings">
      <Filter>VisualGDB settings</Filter>
    </None>
    <None Include="EmbeddedProject1-Release.vgdbsettings">
      <Filter>VisualGDB settings</Filter>
    </None>
    <None Include="stm32.xml">
      <Filter>VisualGDB settings</Filter>
    </None>
  </ItemGroup>
</Project>